
Microsoft Visual Studio Solution File, Format Version 12.00
# Visual Studio Version 17
VisualStudioVersion = 17.4.33403.182
MinimumVisualStudioVersion = 10.0.40219.1
Project("{FAE04EC0-301F-11D3-BF4B-00C04F79EFBC}") = "GiaoDien", "GiaoDien.csproj", "{8C54B343-7C6A-479C-A21E-3A581BAC9928}"
EndProject
Global
	GlobalSection(SolutionConfigurationPlatforms) = preSolution
		Debug|Any CPU = Debug|Any CPU
		Release|Any CPU = Release|Any CPU
	EndGlobalSection
	GlobalSection(ProjectConfigurationPlatforms) = postSolution
		{8C54B343-7C6A-479C-A21E-3A581BAC9928}.Debug|Any CPU.ActiveCfg = Debug|Any CPU
		{8C54B343-7C6A-479C-A21E-3A581BAC9928}.Debug|Any CPU.Build.0 = Debug|Any CPU
		{8C54B343-7C6A-479C-A21E-3A581BAC9928}.Release|Any CPU.ActiveCfg = Release|Any CPU
		{8C54B343-7C6A-479C-A21E-3A581BAC9928}.Release|Any CPU.Build.0 = Release|Any CPU
	EndGlobalSection
	GlobalSection(SolutionProperties) = preSolution
		HideSolutionNode = FALSE
	EndGlobalSection
	GlobalSection(ExtensibilityGlobals) = postSolution
		SolutionGuid = {BA6E7C4B-2A20-4097-872D-A3AF76F8A1F8}
	EndGlobalSection
EndGlobal
